// !$*UTF8*$!
{
	archiveVersion = 1;
	classes = {
	};
	objectVersion = 77;
	objects = {

/* Begin PBXBuildFile section */
		0043863E2E2726F400CB1434 /* StockEntity+CoreDataClass.swift in Sources */ = {isa = PBXBuildFile; fileRef = 0043863C2E2726F400CB1434 /* StockEntity+CoreDataClass.swift */; };
		0043863F2E2726F400CB1434 /* StockEntity+CoreDataProperties.swift in Sources */ = {isa = PBXBuildFile; fileRef = 0043863D2E2726F400CB1434 /* StockEntity+CoreDataProperties.swift */; };
/* End PBXBuildFile section */

/* Begin PBXContainerItemProxy section */
		0031030B2DA1D00F0058CACD /* PBXContainerItemProxy */ = {
			isa = PBXContainerItemProxy;
			containerPortal = 003102E92DA1D00D0058CACD /* Project object */;
			proxyType = 1;
			remoteGlobalIDString = 003102F02DA1D00D0058CACD;
			remoteInfo = Inverstment;
		};
		003103152DA1D00F0058CACD /* PBXContainerItemProxy */ = {
			isa = PBXContainerItemProxy;
			containerPortal = 003102E92DA1D00D0058CACD /* Project object */;
			proxyType = 1;
			remoteGlobalIDString = 003102F02DA1D00D0058CACD;
			remoteInfo = Inverstment;
		};
/* End PBXContainerItemProxy section */

/* Begin PBXFileReference section */
		003102F12DA1D00D0058CACD /* Inverstment.app */ = {isa = PBXFileReference; explicitFileType = wrapper.application; includeInIndex = 0; path = Inverstment.app; sourceTree = BUILT_PRODUCTS_DIR; };
		0031030A2DA1D00F0058CACD /* InverstmentTests.xctest */ = {isa = PBXFileReference; explicitFileType = wrapper.cfbundle; includeInIndex = 0; path = InverstmentTests.xctest; sourceTree = BUILT_PRODUCTS_DIR; };
		003103142DA1D00F0058CACD /* InverstmentUITests.xctest */ = {isa = PBXFileReference; explicitFileType = wrapper.cfbundle; includeInIndex = 0; path = InverstmentUITests.xctest; sourceTree = BUILT_PRODUCTS_DIR; };
		0043863C2E2726F400CB1434 /* StockEntity+CoreDataClass.swift */ = {isa = PBXFileReference; lastKnownFileType = sourcecode.swift; path = "StockEntity+CoreDataClass.swift"; sourceTree = "<group>"; };
		0043863D2E2726F400CB1434 /* StockEntity+CoreDataProperties.swift */ = {isa = PBXFileReference; lastKnownFileType = sourcecode.swift; path = "StockEntity+CoreDataProperties.swift"; sourceTree = "<group>"; };
/* End PBXFileReference section */

/* Begin PBXFileSystemSynchronizedBuildFileExceptionSet section */
		0031031C2DA1D00F0058CACD /* Exceptions for "Inverstment" folder in "Inverstment" target */ = {
			isa = PBXFileSystemSynchronizedBuildFileExceptionSet;
			membershipExceptions = (
				Info.plist,
			);
			target = 003102F02DA1D00D0058CACD /* Inverstment */;
		};
/* End PBXFileSystemSynchronizedBuildFileExceptionSet section */

/* Begin PBXFileSystemSynchronizedRootGroup section */
		003102F32DA1D00D0058CACD /* Inverstment */ = {
			isa = PBXFileSystemSynchronizedRootGroup;
			exceptions = (
				0031031C2DA1D00F0058CACD /* Exceptions for "Inverstment" folder in "Inverstment" target */,
			);
			path = Inverstment;
			sourceTree = "<group>";
		};
		0031030D2DA1D00F0058CACD /* InverstmentTests */ = {
			isa = PBXFileSystemSynchronizedRootGroup;
			path = InverstmentTests;
			sourceTree = "<group>";
		};
		003103172DA1D00F0058CACD /* InverstmentUITests */ = {
			isa = PBXFileSystemSynchronizedRootGroup;
			path = InverstmentUITests;
			sourceTree = "<group>";
		};
/* End PBXFileSystemSynchronizedRootGroup section */

/* Begin PBXFrameworksBuildPhase section */
		003102EE2DA1D00D0058CACD /* Frameworks */ = {
			isa = PBXFrameworksBuildPhase;
			buildActionMask = 2147483647;
			files = (
			);
			runOnlyForDeploymentPostprocessing = 0;
		};
		003103072DA1D00F0058CACD /* Frameworks */ = {
			isa = PBXFrameworksBuildPhase;
			buildActionMask = 2147483647;
			files = (
			);
			runOnlyForDeploymentPostprocessing = 0;
		};
		003103112DA1D00F0058CACD /* Frameworks */ = {
			isa = PBXFrameworksBuildPhase;
			buildActionMask = 2147483647;
			files = (
			);
			runOnlyForDeploymentPostprocessing = 0;
		};
/* End PBXFrameworksBuildPhase section */

/* Begin PBXGroup section */
		003102E82DA1D00D0058CACD = {
			isa = PBXGroup;
			children = (
				0043863C2E2726F400CB1434 /* StockEntity+CoreDataClass.swift */,
				0043863D2E2726F400CB1434 /* StockEntity+CoreDataProperties.swift */,
				003102F32DA1D00D0058CACD /* Inverstment */,
				0031030D2DA1D00F0058CACD /* InverstmentTests */,
				003103172DA1D00F0058CACD /* InverstmentUITests */,
				003102F22DA1D00D0058CACD /* Products */,
			);
			sourceTree = "<group>";
		};
		003102F22DA1D00D0058CACD /* Products */ = {
			isa = PBXGroup;
			children = (
				003102F12DA1D00D0058CACD /* Inverstment.app */,
				0031030A2DA1D00F0058CACD /* InverstmentTests.xctest */,
				003103142DA1D00F0058CACD /* InverstmentUITests.xctest */,
			);
			name = Products;
			sourceTree = "<group>";
		};
/* End PBXGroup section */

/* Begin PBXNativeTarget section */
		003102F02DA1D00D0058CACD /* Inverstment */ = {
			isa = PBXNativeTarget;
			buildConfigurationList = 0031031D2DA1D00F0058CACD /* Build configuration list for PBXNativeTarget "Inverstment" */;
			buildPhases = (
				003102ED2DA1D00D0058CACD /* Sources */,
				003102EE2DA1D00D0058CACD /* Frameworks */,
				003102EF2DA1D00D0058CACD /* Resources */,
			);
			buildRules = (
			);
			dependencies = (
			);
			fileSystemSynchronizedGroups = (
				003102F32DA1D00D0058CACD /* Inverstment */,
			);
			name = Inverstment;
			packageProductDependencies = (
			);
			productName = Inverstment;
			productReference = 003102F12DA1D00D0058CACD /* Inverstment.app */;
			productType = "com.apple.product-type.application";
		};
		003103092DA1D00F0058CACD /* InverstmentTests */ = {
			isa = PBXNativeTarget;
			buildConfigurationList = 003103222DA1D00F0058CACD /* Build configuration list for PBXNativeTarget "InverstmentTests" */;
			buildPhases = (
				003103062DA1D00F0058CACD /* Sources */,
				003103072DA1D00F0058CACD /* Frameworks */,
				003103082DA1D00F0058CACD /* Resources */,
			);
			buildRules = (
			);
			dependencies = (
				0031030C2DA1D00F0058CACD /* PBXTargetDependency */,
			);
			fileSystemSynchronizedGroups = (
				0031030D2DA1D00F0058CACD /* InverstmentTests */,
			);
			name = InverstmentTests;
			packageProductDependencies = (
			);
			productName = InverstmentTests;
			productReference = 0031030A2DA1D00F0058CACD /* InverstmentTests.xctest */;
			productType = "com.apple.product-type.bundle.unit-test";
		};
		003103132DA1D00F0058CACD /* InverstmentUITests */ = {
			isa = PBXNativeTarget;
			buildConfigurationList = 003103252DA1D00F0058CACD /* Build configuration list for PBXNativeTarget "InverstmentUITests" */;
			buildPhases = (
				003103102DA1D00F0058CACD /* Sources */,
				003103112DA1D00F0058CACD /* Frameworks */,
				003103122DA1D00F0058CACD /* Resources */,
			);
			buildRules = (
			);
			dependencies = (
				003103162DA1D00F0058CACD /* PBXTargetDependency */,
			);
			fileSystemSynchronizedGroups = (
				003103172DA1D00F0058CACD /* InverstmentUITests */,
			);
			name = InverstmentUITests;
			packageProductDependencies = (
			);
			productName = InverstmentUITests;
			productReference = 003103142DA1D00F0058CACD /* InverstmentUITests.xctest */;
			productType = "com.apple.product-type.bundle.ui-testing";
		};
/* End PBXNativeTarget section */

/* Begin PBXProject section */
		003102E92DA1D00D0058CACD /* Project object */ = {
			isa = PBXProject;
			attributes = {
				BuildIndependentTargetsInParallel = 1;
				LastSwiftUpdateCheck = 1610;
				LastUpgradeCheck = 1610;
				TargetAttributes = {
					003102F02DA1D00D0058CACD = {
						CreatedOnToolsVersion = 16.1;
					};
					003103092DA1D00F0058CACD = {
						CreatedOnToolsVersion = 16.1;
						TestTargetID = 003102F02DA1D00D0058CACD;
					};
					003103132DA1D00F0058CACD = {
						CreatedOnToolsVersion = 16.1;
						TestTargetID = 003102F02DA1D00D0058CACD;
					};
				};
			};
			buildConfigurationList = 003102EC2DA1D00D0058CACD /* Build configuration list for PBXProject "Inverstment" */;
			developmentRegion = en;
			hasScannedForEncodings = 0;
			knownRegions = (
				en,
				Base,
			);
			mainGroup = 003102E82DA1D00D0058CACD;
			minimizedProjectReferenceProxies = 1;
			preferredProjectObjectVersion = 77;
			productRefGroup = 003102F22DA1D00D0058CACD /* Products */;
			projectDirPath = "";
			projectRoot = "";
			targets = (
				003102F02DA1D00D0058CACD /* Inverstment */,
				003103092DA1D00F0058CACD /* InverstmentTests */,
				003103132DA1D00F0058CACD /* InverstmentUITests */,
			);
		};
/* End PBXProject section */

/* Begin PBXResourcesBuildPhase section */
		003102EF2DA1D00D0058CACD /* Resources */ = {
			isa = PBXResourcesBuildPhase;
			buildActionMask = 2147483647;
			files = (
			);
			runOnlyForDeploymentPostprocessing = 0;
		};
		003103082DA1D00F0058CACD /* Resources */ = {
			isa = PBXResourcesBuildPhase;
			buildActionMask = 2147483647;
			files = (
			);
			runOnlyForDeploymentPostprocessing = 0;
		};
		003103122DA1D00F0058CACD /* Resources */ = {
			isa = PBXResourcesBuildPhase;
			buildActionMask = 2147483647;
			files = (
			);
			runOnlyForDeploymentPostprocessing = 0;
		};
/* End PBXResourcesBuildPhase section */

/* Begin PBXSourcesBuildPhase section */
		003102ED2DA1D00D0058CACD /* Sources */ = {
			isa = PBXSourcesBuildPhase;
			buildActionMask = 2147483647;
			files = (
				0043863E2E2726F400CB1434 /* StockEntity+CoreDataClass.swift in Sources */,
				0043863F2E2726F400CB1434 /* StockEntity+CoreDataProperties.swift in Sources */,
			);
			runOnlyForDeploymentPostprocessing = 0;
		};
		003103062DA1D00F0058CACD /* Sources */ = {
			isa = PBXSourcesBuildPhase;
			buildActionMask = 2147483647;
			files = (
			);
			runOnlyForDeploymentPostprocessing = 0;
		};
		003103102DA1D00F0058CACD /* Sources */ = {
			isa = PBXSourcesBuildPhase;
			buildActionMask = 2147483647;
			files = (
			);
			runOnlyForDeploymentPostprocessing = 0;
		};
/* End PBXSourcesBuildPhase section */

/* Begin PBXTargetDependency section */
		0031030C2DA1D00F0058CACD /* PBXTargetDependency */ = {
			isa = PBXTargetDependency;
			target = 003102F02DA1D00D0058CACD /* Inverstment */;
			targetProxy = 0031030B2DA1D00F0058CACD /* PBXContainerItemProxy */;
		};
		003103162DA1D00F0058CACD /* PBXTargetDependency */ = {
			isa = PBXTargetDependency;
			target = 003102F02DA1D00D0058CACD /* Inverstment */;
			targetProxy = 003103152DA1D00F0058CACD /* PBXContainerItemProxy */;
		};
/* End PBXTargetDependency section */

/* Begin XCBuildConfiguration section */
		0031031E2DA1D00F0058CACD /* Debug */ = {
			isa = XCBuildConfiguration;
			buildSettings = {
				ASSETCATALOG_COMPILER_APPICON_NAME = AppIcon;
				ASSETCATALOG_COMPILER_GLOBAL_ACCENT_COLOR_NAME = AccentColor;
				CODE_SIGN_STYLE = Automatic;
				CURRENT_PROJECT_VERSION = 1;
				GENERATE_INFOPLIST_FILE = YES;
				INFOPLIST_FILE = Inverstment/Info.plist;
				INFOPLIST_KEY_UIApplicationSupportsIndirectInputEvents = YES;
				INFOPLIST_KEY_UILaunchStoryboardName = LaunchScreen;
				INFOPLIST_KEY_UISupportedInterfaceOrientations_iPad = "UIInterfaceOrientationPortrait UIInterfaceOrientationPortraitUpsideDown UIInterfaceOrientationLandscapeLeft UIInterfaceOrientationLandscapeRight";
				INFOPLIST_KEY_UISupportedInterfaceOrientations_iPhone = "UIInterfaceOrientationPortrait UIInterfaceOrientationLandscapeLeft UIInterfaceOrientationLandscapeRight";
				LD_RUNPATH_SEARCH_PATHS = (
					"$(inherited)",
					"@executable_path/Frameworks",
				);
				MARKETING_VERSION = 1.0;
				PRODUCT_BUNDLE_IDENTIFIER = "-.Inverstment";
				PRODUCT_NAME = "$(TARGET_NAME)";
				SWIFT_EMIT_LOC_STRINGS = YES;
				SWIFT_VERSION = 5.0;
				TARGETED_DEVICE_FAMILY = "1,2";
			};
			name = Debug;
		};
		0031031F2DA1D00F0058CACD /* Release */ = {
			isa = XCBuildConfiguration;
			buildSettings = {
				ASSETCATALOG_COMPILER_APPICON_NAME = AppIcon;
				ASSETCATALOG_COMPILER_GLOBAL_ACCENT_COLOR_NAME = AccentColor;
				CODE_SIGN_STYLE = Automatic;
				CURRENT_PROJECT_VERSION = 1;
				GENERATE_INFOPLIST_FILE = YES;
				INFOPLIST_FILE = Inverstment/Info.plist;
				INFOPLIST_KEY_UIApplicationSupportsIndirectInputEvents = YES;
				INFOPLIST_KEY_UILaunchStoryboardName = LaunchScreen;
				INFOPLIST_KEY_UISupportedInterfaceOrientations_iPad = "UIInterfaceOrientationPortrait UIInterfaceOrientationPortraitUpsideDown UIInterfaceOrientationLandscapeLeft UIInterfaceOrientationLandscapeRight";
				INFOPLIST_KEY_UISupportedInterfaceOrientations_iPhone = "UIInterfaceOrientationPortrait UIInterfaceOrientationLandscapeLeft UIInterfaceOrientationLandscapeRight";
				LD_RUNPATH_SEARCH_PATHS = (
					"$(inherited)",
					"@executable_path/Frameworks",
				);
				MARKETING_VERSION = 1.0;
				PRODUCT_BUNDLE_IDENTIFIER = "-.Inverstment";
				PRODUCT_NAME = "$(TARGET_NAME)";
				SWIFT_EMIT_LOC_STRINGS = YES;
				SWIFT_VERSION = 5.0;
				TARGETED_DEVICE_FAMILY = "1,2";
			};
			name = Release;
		};
		003103202DA1D00F0058CACD /* Debug */ = {
			isa = XCBuildConfiguration;
			buildSettings = {
				ALWAYS_SEARCH_USER_PATHS = NO;
				ASSETCATALOG_COMPILER_GENERATE_SWIFT_ASSET_SYMBOL_EXTENSIONS = YES;
				CLANG_ANALYZER_NONNULL = YES;
				CLANG_ANALYZER_NUMBER_OBJECT_CONVERSION = YES_AGGRESSIVE;
				CLANG_CXX_LANGUAGE_STANDARD = "gnu++20";
				CLANG_ENABLE_MODULES = YES;
				CLANG_ENABLE_OBJC_ARC = YES;
				CLANG_ENABLE_OBJC_WEAK = YES;
				CLANG_WARN_BLOCK_CAPTURE_AUTORELEASING = YES;
				CLANG_WARN_BOOL_CONVERSION = YES;
				CLANG_WARN_COMMA = YES;
				CLANG_WARN_CONSTANT_CONVERSION = YES;
				CLANG_WARN_DEPRECATED_OBJC_IMPLEMENTATIONS = YES;
				CLANG_WARN_DIRECT_OBJC_ISA_USAGE = YES_ERROR;
				CLANG_WARN_DOCUMENTATION_COMMENTS = YES;
				CLANG_WARN_EMPTY_BODY = YES;
				CLANG_WARN_ENUM_CONVERSION = YES;
				CLANG_WARN_INFINITE_RECURSION = YES;
				CLANG_WARN_INT_CONVERSION = YES;
				CLANG_WARN_NON_LITERAL_NULL_CONVERSION = YES;
				CLANG_WARN_OBJC_IMPLICIT_RETAIN_SELF = YES;
				CLANG_WARN_OBJC_LITERAL_CONVERSION = YES;
				CLANG_WARN_OBJC_ROOT_CLASS = YES_ERROR;
				CLANG_WARN_QUOTED_INCLUDE_IN_FRAMEWORK_HEADER = YES;
				CLANG_WARN_RANGE_LOOP_ANALYSIS = YES;
				CLANG_WARN_STRICT_PROTOTYPES = YES;
				CLANG_WARN_SUSPICIOUS_MOVE = YES;
				CLANG_WARN_UNGUARDED_AVAILABILITY = YES_AGGRESSIVE;
				CLANG_WARN_UNREACHABLE_CODE = YES;
				CLANG_WARN__DUPLICATE_METHOD_MATCH = YES;
				COPY_PHASE_STRIP = NO;
				DEBUG_INFORMATION_FORMAT = dwarf;
				ENABLE_STRICT_OBJC_MSGSEND = YES;
				ENABLE_TESTABILITY = YES;
				ENABLE_USER_SCRIPT_SANDBOXING = YES;
				GCC_C_LANGUAGE_STANDARD = gnu17;
				GCC_DYNAMIC_NO_PIC = NO;
				GCC_NO_COMMON_BLOCKS = YES;
				GCC_OPTIMIZATION_LEVEL = 0;
				GCC_PREPROCESSOR_DEFINITIONS = (
					"DEBUG=1",
					"$(inherited)",
				);
				GCC_WARN_64_TO_32_BIT_CONVERSION = YES;
				GCC_WARN_ABOUT_RETURN_TYPE = YES_ERROR;
				GCC_WARN_UNDECLARED_SELECTOR = YES;
				GCC_WARN_UNINITIALIZED_AUTOS = YES_AGGRESSIVE;
				GCC_WARN_UNUSED_FUNCTION = YES;
				GCC_WARN_UNUSED_VARIABLE = YES;
				IPHONEOS_DEPLOYMENT_TARGET = 18.1;
				LOCALIZATION_PREFERS_STRING_CATALOGS = YES;
				MTL_ENABLE_DEBUG_INFO = INCLUDE_SOURCE;
				MTL_FAST_MATH = YES;
				ONLY_ACTIVE_ARCH = YES;
				SDKROOT = iphoneos;
				SWIFT_ACTIVE_COMPILATION_CONDITIONS = "DEBUG $(inherited)";
				SWIFT_OPTIMIZATION_LEVEL = "-Onone";
			};
			name = Debug;
		};
		003103212DA1D00F0058CACD /* Release */ = {
			isa = XCBuildConfiguration;
			buildSettings = {
				ALWAYS_SEARCH_USER_PATHS = NO;
				ASSETCATALOG_COMPILER_GENERATE_SWIFT_ASSET_SYMBOL_EXTENSIONS = YES;
				CLANG_ANALYZER_NONNULL = YES;
				CLANG_ANALYZER_NUMBER_OBJECT_CONVERSION = YES_AGGRESSIVE;
				CLANG_CXX_LANGUAGE_STANDARD = "gnu++20";
				CLANG_ENABLE_MODULES = YES;
				CLANG_ENABLE_OBJC_ARC = YES;
				CLANG_ENABLE_OBJC_WEAK = YES;
				CLANG_WARN_BLOCK_CAPTURE_AUTORELEASING = YES;
				CLANG_WARN_BOOL_CONVERSION = YES;
				CLANG_WARN_COMMA = YES;
				CLANG_WARN_CONSTANT_CONVERSION = YES;
				CLANG_WARN_DEPRECATED_OBJC_IMPLEMENTATIONS = YES;
				CLANG_WARN_DIRECT_OBJC_ISA_USAGE = YES_ERROR;
				CLANG_WARN_DOCUMENTATION_COMMENTS = YES;
				CLANG_WARN_EMPTY_BODY = YES;
				CLANG_WARN_ENUM_CONVERSION = YES;
				CLANG_WARN_INFINITE_RECURSION = YES;
				CLANG_WARN_INT_CONVERSION = YES;
				CLANG_WARN_NON_LITERAL_NULL_CONVERSION = YES;
				CLANG_WARN_OBJC_IMPLICIT_RETAIN_SELF = YES;
				CLANG_WARN_OBJC_LITERAL_CONVERSION = YES;
				CLANG_WARN_OBJC_ROOT_CLASS = YES_ERROR;
				CLANG_WARN_QUOTED_INCLUDE_IN_FRAMEWORK_HEADER = YES;
				CLANG_WARN_RANGE_LOOP_ANALYSIS = YES;
				CLANG_WARN_STRICT_PROTOTYPES = YES;
				CLANG_WARN_SUSPICIOUS_MOVE = YES;
				CLANG_WARN_UNGUARDED_AVAILABILITY = YES_AGGRESSIVE;
				CLANG_WARN_UNREACHABLE_CODE = YES;
				CLANG_WARN__DUPLICATE_METHOD_MATCH = YES;
				COPY_PHASE_STRIP = NO;
				DEBUG_INFORMATION_FORMAT = "dwarf-with-dsym";
				ENABLE_NS_ASSERTIONS = NO;
				ENABLE_STRICT_OBJC_MSGSEND = YES;
				ENABLE_USER_SCRIPT_SANDBOXING = YES;
				GCC_C_LANGUAGE_STANDARD = gnu17;
				GCC_NO_COMMON_BLOCKS = YES;
				GCC_WARN_64_TO_32_BIT_CONVERSION = YES;
				GCC_WARN_ABOUT_RETURN_TYPE = YES_ERROR;
				GCC_WARN_UNDECLARED_SELECTOR = YES;
				GCC_WARN_UNINITIALIZED_AUTOS = YES_AGGRESSIVE;
				GCC_WARN_UNUSED_FUNCTION = YES;
				GCC_WARN_UNUSED_VARIABLE = YES;
				IPHONEOS_DEPLOYMENT_TARGET = 18.1;
				LOCALIZATION_PREFERS_STRING_CATALOGS = YES;
				MTL_ENABLE_DEBUG_INFO = NO;
				MTL_FAST_MATH = YES;
				SDKROOT = iphoneos;
				SWIFT_COMPILATION_MODE = wholemodule;
				VALIDATE_PRODUCT = YES;
			};
			name = Release;
		};
		003103232DA1D00F0058CACD /* Debug */ = {
			isa = XCBuildConfiguration;
			buildSettings = {
				BUNDLE_LOADER = "$(TEST_HOST)";
				CODE_SIGN_STYLE = Automatic;
				CURRENT_PROJECT_VERSION = 1;
				GENERATE_INFOPLIST_FILE = YES;
				IPHONEOS_DEPLOYMENT_TARGET = 18.1;
				MARKETING_VERSION = 1.0;
				PRODUCT_BUNDLE_IDENTIFIER = "-.InverstmentTests";
				PRODUCT_NAME = "$(TARGET_NAME)";
				SWIFT_EMIT_LOC_STRINGS = NO;
				SWIFT_VERSION = 5.0;
				TARGETED_DEVICE_FAMILY = "1,2";
				TEST_HOST = "$(BUILT_PRODUCTS_DIR)/Inverstment.app/$(BUNDLE_EXECUTABLE_FOLDER_PATH)/Inverstment";
			};
			name = Debug;
		};
		003103242DA1D00F0058CACD /* Release */ = {
			isa = XCBuildConfiguration;
			buildSettings = {
				BUNDLE_LOADER = "$(TEST_HOST)";
				CODE_SIGN_STYLE = Automatic;
				CURRENT_PROJECT_VERSION = 1;
				GENERATE_INFOPLIST_FILE = YES;
				IPHONEOS_DEPLOYMENT_TARGET = 18.1;
				MARKETING_VERSION = 1.0;
				PRODUCT_BUNDLE_IDENTIFIER = "-.InverstmentTests";
				PRODUCT_NAME = "$(TARGET_NAME)";
				SWIFT_EMIT_LOC_STRINGS = NO;
				SWIFT_VERSION = 5.0;
				TARGETED_DEVICE_FAMILY = "1,2";
				TEST_HOST = "$(BUILT_PRODUCTS_DIR)/Inverstment.app/$(BUNDLE_EXECUTABLE_FOLDER_PATH)/Inverstment";
			};
			name = Release;
		};
		003103262DA1D00F0058CACD /* Debug */ = {
			isa = XCBuildConfiguration;
			buildSettings = {
				CODE_SIGN_STYLE = Automatic;
				CURRENT_PROJECT_VERSION = 1;
				GENERATE_INFOPLIST_FILE = YES;
				MARKETING_VERSION = 1.0;
				PRODUCT_BUNDLE_IDENTIFIER = "-.InverstmentUITests";
				PRODUCT_NAME = "$(TARGET_NAME)";
				SWIFT_EMIT_LOC_STRINGS = NO;
				SWIFT_VERSION = 5.0;
				TARGETED_DEVICE_FAMILY = "1,2";
				TEST_TARGET_NAME = Inverstment;
			};
			name = Debug;
		};
		003103272DA1D00F0058CACD /* Release */ = {
			isa = XCBuildConfiguration;
			buildSettings = {
				CODE_SIGN_STYLE = Automatic;
				CURRENT_PROJECT_VERSION = 1;
				GENERATE_INFOPLIST_FILE = YES;
				MARKETING_VERSION = 1.0;
				PRODUCT_BUNDLE_IDENTIFIER = "-.InverstmentUITests";
				PRODUCT_NAME = "$(TARGET_NAME)";
				SWIFT_EMIT_LOC_STRINGS = NO;
				SWIFT_VERSION = 5.0;
				TARGETED_DEVICE_FAMILY = "1,2";
				TEST_TARGET_NAME = Inverstment;
			};
			name = Release;
		};
/* End XCBuildConfiguration section */

/* Begin XCConfigurationList section */
		003102EC2DA1D00D0058CACD /* Build configuration list for PBXProject "Inverstment" */ = {
			isa = XCConfigurationList;
			buildConfigurations = (
				003103202DA1D00F0058CACD /* Debug */,
				003103212DA1D00F0058CACD /* Release */,
			);
			defaultConfigurationIsVisible = 0;
			defaultConfigurationName = Release;
		};
		0031031D2DA1D00F0058CACD /* Build configuration list for PBXNativeTarget "Inverstment" */ = {
			isa = XCConfigurationList;
			buildConfigurations = (
				0031031E2DA1D00F0058CACD /* Debug */,
				0031031F2DA1D00F0058CACD /* Release */,
			);
			defaultConfigurationIsVisible = 0;
			defaultConfigurationName = Release;
		};
		003103222DA1D00F0058CACD /* Build configuration list for PBXNativeTarget "InverstmentTests" */ = {
			isa = XCConfigurationList;
			buildConfigurations = (
				003103232DA1D00F0058CACD /* Debug */,
				003103242DA1D00F0058CACD /* Release */,
			);
			defaultConfigurationIsVisible = 0;
			defaultConfigurationName = Release;
		};
		003103252DA1D00F0058CACD /* Build configuration list for PBXNativeTarget "InverstmentUITests" */ = {
			isa = XCConfigurationList;
			buildConfigurations = (
				003103262DA1D00F0058CACD /* Debug */,
				003103272DA1D00F0058CACD /* Release */,
			);
			defaultConfigurationIsVisible = 0;
			defaultConfigurationName = Release;
		};
/* End XCConfigurationList section */
	};
	rootObject = 003102E92DA1D00D0058CACD /* Project object */;
}
